
Microsoft Visual Studio Solution File, Format Version 12.00
# Visual Studio Version 16
VisualStudioVersion = 16.0.30204.135
MinimumVisualStudioVersion = 10.0.40219.1
Project("{FAE04EC0-301F-11D3-BF4B-00C04F79EFBC}") = "Kruh_IT1B", "Kruh_IT1B\Kruh_IT1B.csproj", "{0E41C1BF-4C97-4D60-9587-D0F92365DFB6}"
EndProject
Global
	GlobalSection(SolutionConfigurationPlatforms) = preSolution
		Debug|Any CPU = Debug|Any CPU
		Release|Any CPU = Release|Any CPU
	EndGlobalSection
	GlobalSection(ProjectConfigurationPlatforms) = postSolution
		{0E41C1BF-4C97-4D60-9587-D0F92365DFB6}.Debug|Any CPU.ActiveCfg = Debug|Any CPU
		{0E41C1BF-4C97-4D60-9587-D0F92365DFB6}.Debug|Any CPU.Build.0 = Debug|Any CPU
		{0E41C1BF-4C97-4D60-9587-D0F92365DFB6}.Release|Any CPU.ActiveCfg = Release|Any CPU
		{0E41C1BF-4C97-4D60-9587-D0F92365DFB6}.Release|Any CPU.Build.0 = Release|Any CPU
	EndGlobalSection
	GlobalSection(SolutionProperties) = preSolution
		HideSolutionNode = FALSE
	EndGlobalSection
	GlobalSection(ExtensibilityGlobals) = postSolution
		SolutionGuid = {6D9852D5-0C03-4062-A5FF-F5452FA9925B}
	EndGlobalSection
EndGlobal
